
Microsoft Visual Studio Solution File, Format Version 12.00
# Visual Studio Version 17
VisualStudioVersion = 17.10.35027.167
MinimumVisualStudioVersion = 10.0.40219.1
Project("{FAE04EC0-301F-11D3-BF4B-00C04F79EFBC}") = "SuitFix", "SuitFix.csproj", "{2C3FAC03-164E-412B-BE8C-0A967BA124D1}"
EndProject
Global
	GlobalSection(SolutionConfigurationPlatforms) = preSolution
		Debug|Any CPU = Debug|Any CPU
		Release|Any CPU = Release|Any CPU
	EndGlobalSection
	GlobalSection(ProjectConfigurationPlatforms) = postSolution
		{2C3FAC03-164E-412B-BE8C-0A967BA124D1}.Debug|Any CPU.ActiveCfg = Debug|Any CPU
		{2C3FAC03-164E-412B-BE8C-0A967BA124D1}.Debug|Any CPU.Build.0 = Debug|Any CPU
		{2C3FAC03-164E-412B-BE8C-0A967BA124D1}.Release|Any CPU.ActiveCfg = Release|Any CPU
		{2C3FAC03-164E-412B-BE8C-0A967BA124D1}.Release|Any CPU.Build.0 = Release|Any CPU
	EndGlobalSection
	GlobalSection(SolutionProperties) = preSolution
		HideSolutionNode = FALSE
	EndGlobalSection
	GlobalSection(ExtensibilityGlobals) = postSolution
		SolutionGuid = {336D9318-F891-4100-A5C0-8BD7F5762800}
	EndGlobalSection
EndGlobal
